
Microsoft Visual Studio Solution File, Format Version 12.00
# Visual Studio Version 16
VisualStudioVersion = 16.0.29519.87
MinimumVisualStudioVersion = 10.0.40219.1
Project("{9A19103F-16F7-4668-BE54-9A1E7A4F7556}") = "Day18", "Day18\Day18.csproj", "{321C5DDA-BD75-4169-95EA-9CAB0F7D304F}"
EndProject
Project("{9A19103F-16F7-4668-BE54-9A1E7A4F7556}") = "Day19", "Day19\Day19.csproj", "{C61CCB84-AF1F-424E-BD8F-ADAC837B49BE}"
EndProject
Global
	GlobalSection(SolutionConfigurationPlatforms) = preSolution
		Debug|Any CPU = Debug|Any CPU
		Release|Any CPU = Release|Any CPU
	EndGlobalSection
	GlobalSection(ProjectConfigurationPlatforms) = postSolution
		{321C5DDA-BD75-4169-95EA-9CAB0F7D304F}.Debug|Any CPU.ActiveCfg = Debug|Any CPU
		{321C5DDA-BD75-4169-95EA-9CAB0F7D304F}.Debug|Any CPU.Build.0 = Debug|Any CPU
		{321C5DDA-BD75-4169-95EA-9CAB0F7D304F}.Release|Any CPU.ActiveCfg = Release|Any CPU
		{321C5DDA-BD75-4169-95EA-9CAB0F7D304F}.Release|Any CPU.Build.0 = Release|Any CPU
		{C61CCB84-AF1F-424E-BD8F-ADAC837B49BE}.Debug|Any CPU.ActiveCfg = Debug|Any CPU
		{C61CCB84-AF1F-424E-BD8F-ADAC837B49BE}.Debug|Any CPU.Build.0 = Debug|Any CPU
		{C61CCB84-AF1F-424E-BD8F-ADAC837B49BE}.Release|Any CPU.ActiveCfg = Release|Any CPU
		{C61CCB84-AF1F-424E-BD8F-ADAC837B49BE}.Release|Any CPU.Build.0 = Release|Any CPU
	EndGlobalSection
	GlobalSection(SolutionProperties) = preSolution
		HideSolutionNode = FALSE
	EndGlobalSection
	GlobalSection(ExtensibilityGlobals) = postSolution
		SolutionGuid = {9CAAB01C-C5FC-4BDC-8676-89D1FCA208BF}
	EndGlobalSection
EndGlobal
