
Microsoft Visual Studio Solution File, Format Version 12.00
# Visual Studio Version 16
VisualStudioVersion = 16.0.29519.87
MinimumVisualStudioVersion = 10.0.40219.1
Project("{9A19103F-16F7-4668-BE54-9A1E7A4F7556}") = "Day2", "Day2\Day2.csproj", "{353F277C-B9D3-40E0-AF07-CC22E59196E3}"
EndProject
Project("{9A19103F-16F7-4668-BE54-9A1E7A4F7556}") = "Day3", "Day3\Day3.csproj", "{42C03B30-604B-4107-BA99-250572146BB4}"
EndProject
Project("{9A19103F-16F7-4668-BE54-9A1E7A4F7556}") = "Day5", "Day5\Day5.csproj", "{23ECEB3D-E0FD-456F-8557-3BFA0D0E877D}"
EndProject
Project("{9A19103F-16F7-4668-BE54-9A1E7A4F7556}") = "Day5.Tests", "Day5.Tests\Day5.Tests.csproj", "{F17EE4A5-B41D-4F58-9CE7-351BF290143E}"
EndProject
Project("{9A19103F-16F7-4668-BE54-9A1E7A4F7556}") = "Day6", "Day6\Day6.csproj", "{BECA3159-2FD1-4FFF-88A3-C10F18C3D6D2}"
EndProject
Project("{9A19103F-16F7-4668-BE54-9A1E7A4F7556}") = "Day8", "Day8\Day8.csproj", "{5DD625A6-355D-4612-8146-B3E643CC820B}"
EndProject
Project("{9A19103F-16F7-4668-BE54-9A1E7A4F7556}") = "Day9", "Day9\Day9.csproj", "{6D0BD42C-E39C-48C7-9DD5-03B06E88EE1D}"
EndProject
Project("{9A19103F-16F7-4668-BE54-9A1E7A4F7556}") = "Day9.Tests", "Day9.Tests\Day9.Tests.csproj", "{FE19A8F3-D567-4BE3-8183-BEAA8664C041}"
EndProject
Project("{9A19103F-16F7-4668-BE54-9A1E7A4F7556}") = "Day10", "Day10\Day10.csproj", "{7E324CD0-920E-4BF6-B6FC-9D10C4D5939E}"
EndProject
Project("{9A19103F-16F7-4668-BE54-9A1E7A4F7556}") = "Day10.Tests", "Day10.Tests\Day10.Tests.csproj", "{AF97EA99-6846-470F-B4D0-3AFB9BBF3B20}"
EndProject
Project("{9A19103F-16F7-4668-BE54-9A1E7A4F7556}") = "Day12", "Day12\Day12.csproj", "{1C4702E4-D113-4563-A1FA-103CFD0A0C4D}"
EndProject
Project("{9A19103F-16F7-4668-BE54-9A1E7A4F7556}") = "Day13", "Day13\Day13.csproj", "{65BA1749-7165-4231-8789-E8105EA7EDCE}"
EndProject
Project("{9A19103F-16F7-4668-BE54-9A1E7A4F7556}") = "Day14", "Day14\Day14.csproj", "{9ED49C61-98F1-4719-B7F5-3846C59FAB82}"
EndProject
Project("{9A19103F-16F7-4668-BE54-9A1E7A4F7556}") = "Day15", "Day15\Day15.csproj", "{50470C3A-AF46-48A8-BA16-965A273947E6}"
EndProject
Project("{9A19103F-16F7-4668-BE54-9A1E7A4F7556}") = "Day16", "Day16\Day16.csproj", "{F79B894C-C6A5-454E-977C-00D4CAECA2F1}"
EndProject
Project("{9A19103F-16F7-4668-BE54-9A1E7A4F7556}") = "Day17", "Day17\Day17.csproj", "{B7B12FD2-5995-4E88-A74D-F61392934F90}"
EndProject
Project("{FAE04EC0-301F-11D3-BF4B-00C04F79EFBC}") = "Day18", "Day18\Day18.csproj", "{321C5DDA-BD75-4169-95EA-9CAB0F7D304F}"
EndProject
Global
	GlobalSection(SolutionConfigurationPlatforms) = preSolution
		Debug|Any CPU = Debug|Any CPU
		Release|Any CPU = Release|Any CPU
	EndGlobalSection
	GlobalSection(ProjectConfigurationPlatforms) = postSolution
		{353F277C-B9D3-40E0-AF07-CC22E59196E3}.Debug|Any CPU.ActiveCfg = Debug|Any CPU
		{353F277C-B9D3-40E0-AF07-CC22E59196E3}.Debug|Any CPU.Build.0 = Debug|Any CPU
		{353F277C-B9D3-40E0-AF07-CC22E59196E3}.Release|Any CPU.ActiveCfg = Release|Any CPU
		{353F277C-B9D3-40E0-AF07-CC22E59196E3}.Release|Any CPU.Build.0 = Release|Any CPU
		{42C03B30-604B-4107-BA99-250572146BB4}.Debug|Any CPU.ActiveCfg = Debug|Any CPU
		{42C03B30-604B-4107-BA99-250572146BB4}.Debug|Any CPU.Build.0 = Debug|Any CPU
		{42C03B30-604B-4107-BA99-250572146BB4}.Release|Any CPU.ActiveCfg = Release|Any CPU
		{42C03B30-604B-4107-BA99-250572146BB4}.Release|Any CPU.Build.0 = Release|Any CPU
		{23ECEB3D-E0FD-456F-8557-3BFA0D0E877D}.Debug|Any CPU.ActiveCfg = Debug|Any CPU
		{23ECEB3D-E0FD-456F-8557-3BFA0D0E877D}.Debug|Any CPU.Build.0 = Debug|Any CPU
		{23ECEB3D-E0FD-456F-8557-3BFA0D0E877D}.Release|Any CPU.ActiveCfg = Release|Any CPU
		{23ECEB3D-E0FD-456F-8557-3BFA0D0E877D}.Release|Any CPU.Build.0 = Release|Any CPU
		{F17EE4A5-B41D-4F58-9CE7-351BF290143E}.Debug|Any CPU.ActiveCfg = Debug|Any CPU
		{F17EE4A5-B41D-4F58-9CE7-351BF290143E}.Debug|Any CPU.Build.0 = Debug|Any CPU
		{F17EE4A5-B41D-4F58-9CE7-351BF290143E}.Release|Any CPU.ActiveCfg = Release|Any CPU
		{F17EE4A5-B41D-4F58-9CE7-351BF290143E}.Release|Any CPU.Build.0 = Release|Any CPU
		{BECA3159-2FD1-4FFF-88A3-C10F18C3D6D2}.Debug|Any CPU.ActiveCfg = Debug|Any CPU
		{BECA3159-2FD1-4FFF-88A3-C10F18C3D6D2}.Debug|Any CPU.Build.0 = Debug|Any CPU
		{BECA3159-2FD1-4FFF-88A3-C10F18C3D6D2}.Release|Any CPU.ActiveCfg = Release|Any CPU
		{BECA3159-2FD1-4FFF-88A3-C10F18C3D6D2}.Release|Any CPU.Build.0 = Release|Any CPU
		{5DD625A6-355D-4612-8146-B3E643CC820B}.Debug|Any CPU.ActiveCfg = Debug|Any CPU
		{5DD625A6-355D-4612-8146-B3E643CC820B}.Debug|Any CPU.Build.0 = Debug|Any CPU
		{5DD625A6-355D-4612-8146-B3E643CC820B}.Release|Any CPU.ActiveCfg = Release|Any CPU
		{5DD625A6-355D-4612-8146-B3E643CC820B}.Release|Any CPU.Build.0 = Release|Any CPU
		{6D0BD42C-E39C-48C7-9DD5-03B06E88EE1D}.Debug|Any CPU.ActiveCfg = Debug|Any CPU
		{6D0BD42C-E39C-48C7-9DD5-03B06E88EE1D}.Debug|Any CPU.Build.0 = Debug|Any CPU
		{6D0BD42C-E39C-48C7-9DD5-03B06E88EE1D}.Release|Any CPU.ActiveCfg = Release|Any CPU
		{6D0BD42C-E39C-48C7-9DD5-03B06E88EE1D}.Release|Any CPU.Build.0 = Release|Any CPU
		{FE19A8F3-D567-4BE3-8183-BEAA8664C041}.Debug|Any CPU.ActiveCfg = Debug|Any CPU
		{FE19A8F3-D567-4BE3-8183-BEAA8664C041}.Debug|Any CPU.Build.0 = Debug|Any CPU
		{FE19A8F3-D567-4BE3-8183-BEAA8664C041}.Release|Any CPU.ActiveCfg = Release|Any CPU
		{FE19A8F3-D567-4BE3-8183-BEAA8664C041}.Release|Any CPU.Build.0 = Release|Any CPU
		{7E324CD0-920E-4BF6-B6FC-9D10C4D5939E}.Debug|Any CPU.ActiveCfg = Debug|Any CPU
		{7E324CD0-920E-4BF6-B6FC-9D10C4D5939E}.Debug|Any CPU.Build.0 = Debug|Any CPU
		{7E324CD0-920E-4BF6-B6FC-9D10C4D5939E}.Release|Any CPU.ActiveCfg = Release|Any CPU
		{7E324CD0-920E-4BF6-B6FC-9D10C4D5939E}.Release|Any CPU.Build.0 = Release|Any CPU
		{AF97EA99-6846-470F-B4D0-3AFB9BBF3B20}.Debug|Any CPU.ActiveCfg = Debug|Any CPU
		{AF97EA99-6846-470F-B4D0-3AFB9BBF3B20}.Debug|Any CPU.Build.0 = Debug|Any CPU
		{AF97EA99-6846-470F-B4D0-3AFB9BBF3B20}.Release|Any CPU.ActiveCfg = Release|Any CPU
		{AF97EA99-6846-470F-B4D0-3AFB9BBF3B20}.Release|Any CPU.Build.0 = Release|Any CPU
		{1C4702E4-D113-4563-A1FA-103CFD0A0C4D}.Debug|Any CPU.ActiveCfg = Debug|Any CPU
		{1C4702E4-D113-4563-A1FA-103CFD0A0C4D}.Debug|Any CPU.Build.0 = Debug|Any CPU
		{1C4702E4-D113-4563-A1FA-103CFD0A0C4D}.Release|Any CPU.ActiveCfg = Release|Any CPU
		{1C4702E4-D113-4563-A1FA-103CFD0A0C4D}.Release|Any CPU.Build.0 = Release|Any CPU
		{65BA1749-7165-4231-8789-E8105EA7EDCE}.Debug|Any CPU.ActiveCfg = Debug|Any CPU
		{65BA1749-7165-4231-8789-E8105EA7EDCE}.Debug|Any CPU.Build.0 = Debug|Any CPU
		{65BA1749-7165-4231-8789-E8105EA7EDCE}.Release|Any CPU.ActiveCfg = Release|Any CPU
		{65BA1749-7165-4231-8789-E8105EA7EDCE}.Release|Any CPU.Build.0 = Release|Any CPU
		{9ED49C61-98F1-4719-B7F5-3846C59FAB82}.Debug|Any CPU.ActiveCfg = Debug|Any CPU
		{9ED49C61-98F1-4719-B7F5-3846C59FAB82}.Debug|Any CPU.Build.0 = Debug|Any CPU
		{9ED49C61-98F1-4719-B7F5-3846C59FAB82}.Release|Any CPU.ActiveCfg = Release|Any CPU
		{9ED49C61-98F1-4719-B7F5-3846C59FAB82}.Release|Any CPU.Build.0 = Release|Any CPU
		{50470C3A-AF46-48A8-BA16-965A273947E6}.Debug|Any CPU.ActiveCfg = Debug|Any CPU
		{50470C3A-AF46-48A8-BA16-965A273947E6}.Debug|Any CPU.Build.0 = Debug|Any CPU
		{50470C3A-AF46-48A8-BA16-965A273947E6}.Release|Any CPU.ActiveCfg = Release|Any CPU
		{50470C3A-AF46-48A8-BA16-965A273947E6}.Release|Any CPU.Build.0 = Release|Any CPU
		{F79B894C-C6A5-454E-977C-00D4CAECA2F1}.Debug|Any CPU.ActiveCfg = Debug|Any CPU
		{F79B894C-C6A5-454E-977C-00D4CAECA2F1}.Debug|Any CPU.Build.0 = Debug|Any CPU
		{F79B894C-C6A5-454E-977C-00D4CAECA2F1}.Release|Any CPU.ActiveCfg = Release|Any CPU
		{F79B894C-C6A5-454E-977C-00D4CAECA2F1}.Release|Any CPU.Build.0 = Release|Any CPU
		{B7B12FD2-5995-4E88-A74D-F61392934F90}.Debug|Any CPU.ActiveCfg = Debug|Any CPU
		{B7B12FD2-5995-4E88-A74D-F61392934F90}.Debug|Any CPU.Build.0 = Debug|Any CPU
		{B7B12FD2-5995-4E88-A74D-F61392934F90}.Release|Any CPU.ActiveCfg = Release|Any CPU
		{B7B12FD2-5995-4E88-A74D-F61392934F90}.Release|Any CPU.Build.0 = Release|Any CPU
		{321C5DDA-BD75-4169-95EA-9CAB0F7D304F}.Debug|Any CPU.ActiveCfg = Debug|Any CPU
		{321C5DDA-BD75-4169-95EA-9CAB0F7D304F}.Debug|Any CPU.Build.0 = Debug|Any CPU
		{321C5DDA-BD75-4169-95EA-9CAB0F7D304F}.Release|Any CPU.ActiveCfg = Release|Any CPU
		{321C5DDA-BD75-4169-95EA-9CAB0F7D304F}.Release|Any CPU.Build.0 = Release|Any CPU
	EndGlobalSection
	GlobalSection(SolutionProperties) = preSolution
		HideSolutionNode = FALSE
	EndGlobalSection
	GlobalSection(ExtensibilityGlobals) = postSolution
		SolutionGuid = {9CAAB01C-C5FC-4BDC-8676-89D1FCA208BF}
	EndGlobalSection
EndGlobal
